
Microsoft Visual Studio Solution File, Format Version 12.00
# Visual Studio 2012
VisualStudioVersion = 12.0.31101.0
MinimumVisualStudioVersion = 10.0.40219.1
Project("{FAE04EC0-301F-11D3-BF4B-00C04F79EFBC}") = "BrewClock.iOS", "iOS\BrewClock.iOS.csproj", "{4909C460-7EFC-47AB-92DE-E0886B508F35}"
EndProject
Project("{FAE04EC0-301F-11D3-BF4B-00C04F79EFBC}") = "BrewClock.Droid", "Droid\BrewClock.Droid.csproj", "{28BBAA40-3D32-4996-951E-72B97D103393}"
EndProject
Project("{FAE04EC0-301F-11D3-BF4B-00C04F79EFBC}") = "BrewClock.Core", "BrewClock.Core\BrewClock.Core.csproj", "{67F9D3A8-F71E-4428-913F-C37AE82CDB24}"
EndProject
Project("{2150E333-8FDC-42A3-9474-1A3956D46DE8}") = "Watch", "Watch", "{A236D268-5A2E-495B-B6D4-7BBE459B208F}"
EndProject
Project("{FAE04EC0-301F-11D3-BF4B-00C04F79EFBC}") = "WatchKitApp", "Watch\BrewClock.iOS.WatchApp\WatchKitApp\WatchKitApp.csproj", "{642A9B8B-6DB7-41E9-A64F-27C72CE08911}"
EndProject
Project("{FAE04EC0-301F-11D3-BF4B-00C04F79EFBC}") = "WatchKitExtension", "Watch\BrewClock.iOS.WatchApp\WatchKitExtension\WatchKitExtension.csproj", "{108EB80C-0214-457D-9EE2-F768F3E855E4}"
EndProject
Project("{D954291E-2A0B-460D-934E-DC6B0785DB48}") = "BrewClock.Shared", "BrewClock.Shared\BrewClock.Shared.shproj", "{3F4FFE20-FDA0-472D-921A-F9E1C9925BAC}"
EndProject
Project("{FAE04EC0-301F-11D3-BF4B-00C04F79EFBC}") = "BrewClock.iOS.Core", "BrewClock.iOS.Core\BrewClock.iOS.Core.csproj", "{5CA3D772-D8BB-47DB-9733-A352C731FBA0}"
EndProject
Global
	GlobalSection(SolutionConfigurationPlatforms) = preSolution
		Ad-Hoc|Any CPU = Ad-Hoc|Any CPU
		Ad-Hoc|ARM = Ad-Hoc|ARM
		Ad-Hoc|iPhone = Ad-Hoc|iPhone
		Ad-Hoc|iPhoneSimulator = Ad-Hoc|iPhoneSimulator
		Ad-Hoc|Mixed Platforms = Ad-Hoc|Mixed Platforms
		Ad-Hoc|x86 = Ad-Hoc|x86
		AppStore|Any CPU = AppStore|Any CPU
		AppStore|ARM = AppStore|ARM
		AppStore|iPhone = AppStore|iPhone
		AppStore|iPhoneSimulator = AppStore|iPhoneSimulator
		AppStore|Mixed Platforms = AppStore|Mixed Platforms
		AppStore|x86 = AppStore|x86
		Debug|Any CPU = Debug|Any CPU
		Debug|ARM = Debug|ARM
		Debug|iPhone = Debug|iPhone
		Debug|iPhoneSimulator = Debug|iPhoneSimulator
		Debug|Mixed Platforms = Debug|Mixed Platforms
		Debug|x86 = Debug|x86
		Release|Any CPU = Release|Any CPU
		Release|ARM = Release|ARM
		Release|iPhone = Release|iPhone
		Release|iPhoneSimulator = Release|iPhoneSimulator
		Release|Mixed Platforms = Release|Mixed Platforms
		Release|x86 = Release|x86
	EndGlobalSection
	GlobalSection(ProjectConfigurationPlatforms) = postSolution
		{108EB80C-0214-457D-9EE2-F768F3E855E4}.Ad-Hoc|Any CPU.ActiveCfg = Debug|iPhoneSimulator
		{108EB80C-0214-457D-9EE2-F768F3E855E4}.Ad-Hoc|Any CPU.Build.0 = Debug|iPhoneSimulator
		{108EB80C-0214-457D-9EE2-F768F3E855E4}.Ad-Hoc|ARM.ActiveCfg = Ad-Hoc|iPhone
		{108EB80C-0214-457D-9EE2-F768F3E855E4}.Ad-Hoc|ARM.Build.0 = Ad-Hoc|iPhone
		{108EB80C-0214-457D-9EE2-F768F3E855E4}.Ad-Hoc|iPhone.ActiveCfg = Ad-Hoc|iPhone
		{108EB80C-0214-457D-9EE2-F768F3E855E4}.Ad-Hoc|iPhone.Build.0 = Ad-Hoc|iPhone
		{108EB80C-0214-457D-9EE2-F768F3E855E4}.Ad-Hoc|iPhoneSimulator.ActiveCfg = Debug|iPhoneSimulator
		{108EB80C-0214-457D-9EE2-F768F3E855E4}.Ad-Hoc|iPhoneSimulator.Build.0 = Debug|iPhoneSimulator
		{108EB80C-0214-457D-9EE2-F768F3E855E4}.Ad-Hoc|Mixed Platforms.ActiveCfg = Ad-Hoc|iPhone
		{108EB80C-0214-457D-9EE2-F768F3E855E4}.Ad-Hoc|Mixed Platforms.Build.0 = Ad-Hoc|iPhone
		{108EB80C-0214-457D-9EE2-F768F3E855E4}.Ad-Hoc|x86.ActiveCfg = Ad-Hoc|iPhone
		{108EB80C-0214-457D-9EE2-F768F3E855E4}.Ad-Hoc|x86.Build.0 = Ad-Hoc|iPhone
		{108EB80C-0214-457D-9EE2-F768F3E855E4}.AppStore|Any CPU.ActiveCfg = Debug|iPhoneSimulator
		{108EB80C-0214-457D-9EE2-F768F3E855E4}.AppStore|Any CPU.Build.0 = Debug|iPhoneSimulator
		{108EB80C-0214-457D-9EE2-F768F3E855E4}.AppStore|ARM.ActiveCfg = AppStore|iPhone
		{108EB80C-0214-457D-9EE2-F768F3E855E4}.AppStore|ARM.Build.0 = AppStore|iPhone
		{108EB80C-0214-457D-9EE2-F768F3E855E4}.AppStore|iPhone.ActiveCfg = AppStore|iPhone
		{108EB80C-0214-457D-9EE2-F768F3E855E4}.AppStore|iPhone.Build.0 = AppStore|iPhone
		{108EB80C-0214-457D-9EE2-F768F3E855E4}.AppStore|iPhoneSimulator.ActiveCfg = Debug|iPhoneSimulator
		{108EB80C-0214-457D-9EE2-F768F3E855E4}.AppStore|iPhoneSimulator.Build.0 = Debug|iPhoneSimulator
		{108EB80C-0214-457D-9EE2-F768F3E855E4}.AppStore|Mixed Platforms.ActiveCfg = AppStore|iPhone
		{108EB80C-0214-457D-9EE2-F768F3E855E4}.AppStore|Mixed Platforms.Build.0 = AppStore|iPhone
		{108EB80C-0214-457D-9EE2-F768F3E855E4}.AppStore|x86.ActiveCfg = AppStore|iPhone
		{108EB80C-0214-457D-9EE2-F768F3E855E4}.AppStore|x86.Build.0 = AppStore|iPhone
		{108EB80C-0214-457D-9EE2-F768F3E855E4}.Debug|Any CPU.ActiveCfg = Debug|iPhoneSimulator
		{108EB80C-0214-457D-9EE2-F768F3E855E4}.Debug|Any CPU.Build.0 = Debug|iPhoneSimulator
		{108EB80C-0214-457D-9EE2-F768F3E855E4}.Debug|ARM.ActiveCfg = Debug|iPhone
		{108EB80C-0214-457D-9EE2-F768F3E855E4}.Debug|ARM.Build.0 = Debug|iPhone
		{108EB80C-0214-457D-9EE2-F768F3E855E4}.Debug|iPhone.ActiveCfg = Debug|iPhone
		{108EB80C-0214-457D-9EE2-F768F3E855E4}.Debug|iPhone.Build.0 = Debug|iPhone
		{108EB80C-0214-457D-9EE2-F768F3E855E4}.Debug|iPhoneSimulator.ActiveCfg = Debug|iPhoneSimulator
		{108EB80C-0214-457D-9EE2-F768F3E855E4}.Debug|iPhoneSimulator.Build.0 = Debug|iPhoneSimulator
		{108EB80C-0214-457D-9EE2-F768F3E855E4}.Debug|Mixed Platforms.ActiveCfg = Debug|iPhone
		{108EB80C-0214-457D-9EE2-F768F3E855E4}.Debug|Mixed Platforms.Build.0 = Debug|iPhone
		{108EB80C-0214-457D-9EE2-F768F3E855E4}.Debug|x86.ActiveCfg = Debug|iPhone
		{108EB80C-0214-457D-9EE2-F768F3E855E4}.Debug|x86.Build.0 = Debug|iPhone
		{108EB80C-0214-457D-9EE2-F768F3E855E4}.Release|Any CPU.ActiveCfg = Release|iPhoneSimulator
		{108EB80C-0214-457D-9EE2-F768F3E855E4}.Release|Any CPU.Build.0 = Release|iPhoneSimulator
		{108EB80C-0214-457D-9EE2-F768F3E855E4}.Release|ARM.ActiveCfg = Release|iPhone
		{108EB80C-0214-457D-9EE2-F768F3E855E4}.Release|ARM.Build.0 = Release|iPhone
		{108EB80C-0214-457D-9EE2-F768F3E855E4}.Release|iPhone.ActiveCfg = Release|iPhone
		{108EB80C-0214-457D-9EE2-F768F3E855E4}.Release|iPhone.Build.0 = Release|iPhone
		{108EB80C-0214-457D-9EE2-F768F3E855E4}.Release|iPhoneSimulator.ActiveCfg = Release|iPhoneSimulator
		{108EB80C-0214-457D-9EE2-F768F3E855E4}.Release|iPhoneSimulator.Build.0 = Release|iPhoneSimulator
		{108EB80C-0214-457D-9EE2-F768F3E855E4}.Release|Mixed Platforms.ActiveCfg = Release|iPhone
		{108EB80C-0214-457D-9EE2-F768F3E855E4}.Release|Mixed Platforms.Build.0 = Release|iPhone
		{108EB80C-0214-457D-9EE2-F768F3E855E4}.Release|x86.ActiveCfg = Release|iPhone
		{108EB80C-0214-457D-9EE2-F768F3E855E4}.Release|x86.Build.0 = Release|iPhone
		{28BBAA40-3D32-4996-951E-72B97D103393}.Ad-Hoc|Any CPU.ActiveCfg = Debug|Any CPU
		{28BBAA40-3D32-4996-951E-72B97D103393}.Ad-Hoc|Any CPU.Build.0 = Debug|Any CPU
		{28BBAA40-3D32-4996-951E-72B97D103393}.Ad-Hoc|Any CPU.Deploy.0 = Debug|Any CPU
		{28BBAA40-3D32-4996-951E-72B97D103393}.Ad-Hoc|ARM.ActiveCfg = Release|Any CPU
		{28BBAA40-3D32-4996-951E-72B97D103393}.Ad-Hoc|iPhone.ActiveCfg = Release|Any CPU
		{28BBAA40-3D32-4996-951E-72B97D103393}.Ad-Hoc|iPhone.Build.0 = Release|Any CPU
		{28BBAA40-3D32-4996-951E-72B97D103393}.Ad-Hoc|iPhoneSimulator.ActiveCfg = Debug|Any CPU
		{28BBAA40-3D32-4996-951E-72B97D103393}.Ad-Hoc|Mixed Platforms.ActiveCfg = Release|Any CPU
		{28BBAA40-3D32-4996-951E-72B97D103393}.Ad-Hoc|Mixed Platforms.Build.0 = Release|Any CPU
		{28BBAA40-3D32-4996-951E-72B97D103393}.Ad-Hoc|Mixed Platforms.Deploy.0 = Release|Any CPU
		{28BBAA40-3D32-4996-951E-72B97D103393}.Ad-Hoc|x86.ActiveCfg = Release|Any CPU
		{28BBAA40-3D32-4996-951E-72B97D103393}.AppStore|Any CPU.ActiveCfg = Debug|Any CPU
		{28BBAA40-3D32-4996-951E-72B97D103393}.AppStore|Any CPU.Build.0 = Debug|Any CPU
		{28BBAA40-3D32-4996-951E-72B97D103393}.AppStore|Any CPU.Deploy.0 = Debug|Any CPU
		{28BBAA40-3D32-4996-951E-72B97D103393}.AppStore|ARM.ActiveCfg = Release|Any CPU
		{28BBAA40-3D32-4996-951E-72B97D103393}.AppStore|iPhone.ActiveCfg = Release|Any CPU
		{28BBAA40-3D32-4996-951E-72B97D103393}.AppStore|iPhone.Build.0 = Release|Any CPU
		{28BBAA40-3D32-4996-951E-72B97D103393}.AppStore|iPhoneSimulator.ActiveCfg = Debug|Any CPU
		{28BBAA40-3D32-4996-951E-72B97D103393}.AppStore|Mixed Platforms.ActiveCfg = Release|Any CPU
		{28BBAA40-3D32-4996-951E-72B97D103393}.AppStore|Mixed Platforms.Build.0 = Release|Any CPU
		{28BBAA40-3D32-4996-951E-72B97D103393}.AppStore|Mixed Platforms.Deploy.0 = Release|Any CPU
		{28BBAA40-3D32-4996-951E-72B97D103393}.AppStore|x86.ActiveCfg = Release|Any CPU
		{28BBAA40-3D32-4996-951E-72B97D103393}.Debug|Any CPU.ActiveCfg = Debug|Any CPU
		{28BBAA40-3D32-4996-951E-72B97D103393}.Debug|Any CPU.Build.0 = Debug|Any CPU
		{28BBAA40-3D32-4996-951E-72B97D103393}.Debug|Any CPU.Deploy.0 = Debug|Any CPU
		{28BBAA40-3D32-4996-951E-72B97D103393}.Debug|ARM.ActiveCfg = Debug|Any CPU
		{28BBAA40-3D32-4996-951E-72B97D103393}.Debug|iPhone.ActiveCfg = Debug|Any CPU
		{28BBAA40-3D32-4996-951E-72B97D103393}.Debug|iPhone.Build.0 = Debug|Any CPU
		{28BBAA40-3D32-4996-951E-72B97D103393}.Debug|iPhone.Deploy.0 = Debug|Any CPU
		{28BBAA40-3D32-4996-951E-72B97D103393}.Debug|iPhoneSimulator.ActiveCfg = Debug|Any CPU
		{28BBAA40-3D32-4996-951E-72B97D103393}.Debug|iPhoneSimulator.Build.0 = Debug|Any CPU
		{28BBAA40-3D32-4996-951E-72B97D103393}.Debug|Mixed Platforms.ActiveCfg = Debug|Any CPU
		{28BBAA40-3D32-4996-951E-72B97D103393}.Debug|Mixed Platforms.Build.0 = Debug|Any CPU
		{28BBAA40-3D32-4996-951E-72B97D103393}.Debug|Mixed Platforms.Deploy.0 = Debug|Any CPU
		{28BBAA40-3D32-4996-951E-72B97D103393}.Debug|x86.ActiveCfg = Debug|Any CPU
		{28BBAA40-3D32-4996-951E-72B97D103393}.Release|Any CPU.ActiveCfg = Release|Any CPU
		{28BBAA40-3D32-4996-951E-72B97D103393}.Release|Any CPU.Build.0 = Release|Any CPU
		{28BBAA40-3D32-4996-951E-72B97D103393}.Release|ARM.ActiveCfg = Release|Any CPU
		{28BBAA40-3D32-4996-951E-72B97D103393}.Release|iPhone.ActiveCfg = Release|Any CPU
		{28BBAA40-3D32-4996-951E-72B97D103393}.Release|iPhone.Build.0 = Release|Any CPU
		{28BBAA40-3D32-4996-951E-72B97D103393}.Release|iPhoneSimulator.ActiveCfg = Release|Any CPU
		{28BBAA40-3D32-4996-951E-72B97D103393}.Release|iPhoneSimulator.Build.0 = Release|Any CPU
		{28BBAA40-3D32-4996-951E-72B97D103393}.Release|Mixed Platforms.ActiveCfg = Release|Any CPU
		{28BBAA40-3D32-4996-951E-72B97D103393}.Release|Mixed Platforms.Build.0 = Release|Any CPU
		{28BBAA40-3D32-4996-951E-72B97D103393}.Release|Mixed Platforms.Deploy.0 = Release|Any CPU
		{28BBAA40-3D32-4996-951E-72B97D103393}.Release|x86.ActiveCfg = Release|Any CPU
		{4909C460-7EFC-47AB-92DE-E0886B508F35}.Ad-Hoc|Any CPU.ActiveCfg = Ad-Hoc|iPhoneSimulator
		{4909C460-7EFC-47AB-92DE-E0886B508F35}.Ad-Hoc|ARM.ActiveCfg = Ad-Hoc|iPhone
		{4909C460-7EFC-47AB-92DE-E0886B508F35}.Ad-Hoc|iPhone.ActiveCfg = Ad-Hoc|iPhone
		{4909C460-7EFC-47AB-92DE-E0886B508F35}.Ad-Hoc|iPhone.Build.0 = Ad-Hoc|iPhone
		{4909C460-7EFC-47AB-92DE-E0886B508F35}.Ad-Hoc|iPhoneSimulator.ActiveCfg = Ad-Hoc|iPhoneSimulator
		{4909C460-7EFC-47AB-92DE-E0886B508F35}.Ad-Hoc|iPhoneSimulator.Build.0 = Ad-Hoc|iPhoneSimulator
		{4909C460-7EFC-47AB-92DE-E0886B508F35}.Ad-Hoc|Mixed Platforms.ActiveCfg = Ad-Hoc|iPhone
		{4909C460-7EFC-47AB-92DE-E0886B508F35}.Ad-Hoc|Mixed Platforms.Build.0 = Ad-Hoc|iPhone
		{4909C460-7EFC-47AB-92DE-E0886B508F35}.Ad-Hoc|x86.ActiveCfg = Ad-Hoc|iPhone
		{4909C460-7EFC-47AB-92DE-E0886B508F35}.AppStore|Any CPU.ActiveCfg = AppStore|iPhoneSimulator
		{4909C460-7EFC-47AB-92DE-E0886B508F35}.AppStore|ARM.ActiveCfg = AppStore|iPhone
		{4909C460-7EFC-47AB-92DE-E0886B508F35}.AppStore|iPhone.ActiveCfg = AppStore|iPhone
		{4909C460-7EFC-47AB-92DE-E0886B508F35}.AppStore|iPhone.Build.0 = AppStore|iPhone
		{4909C460-7EFC-47AB-92DE-E0886B508F35}.AppStore|iPhoneSimulator.ActiveCfg = AppStore|iPhoneSimulator
		{4909C460-7EFC-47AB-92DE-E0886B508F35}.AppStore|iPhoneSimulator.Build.0 = AppStore|iPhoneSimulator
		{4909C460-7EFC-47AB-92DE-E0886B508F35}.AppStore|Mixed Platforms.ActiveCfg = AppStore|iPhone
		{4909C460-7EFC-47AB-92DE-E0886B508F35}.AppStore|Mixed Platforms.Build.0 = AppStore|iPhone
		{4909C460-7EFC-47AB-92DE-E0886B508F35}.AppStore|x86.ActiveCfg = AppStore|iPhone
		{4909C460-7EFC-47AB-92DE-E0886B508F35}.Debug|Any CPU.ActiveCfg = Debug|iPhoneSimulator
		{4909C460-7EFC-47AB-92DE-E0886B508F35}.Debug|Any CPU.Build.0 = Debug|iPhoneSimulator
		{4909C460-7EFC-47AB-92DE-E0886B508F35}.Debug|ARM.ActiveCfg = Debug|iPhone
		{4909C460-7EFC-47AB-92DE-E0886B508F35}.Debug|iPhone.ActiveCfg = Debug|iPhone
		{4909C460-7EFC-47AB-92DE-E0886B508F35}.Debug|iPhone.Build.0 = Debug|iPhone
		{4909C460-7EFC-47AB-92DE-E0886B508F35}.Debug|iPhoneSimulator.ActiveCfg = Debug|iPhoneSimulator
		{4909C460-7EFC-47AB-92DE-E0886B508F35}.Debug|iPhoneSimulator.Build.0 = Debug|iPhoneSimulator
		{4909C460-7EFC-47AB-92DE-E0886B508F35}.Debug|Mixed Platforms.ActiveCfg = Debug|iPhone
		{4909C460-7EFC-47AB-92DE-E0886B508F35}.Debug|Mixed Platforms.Build.0 = Debug|iPhone
		{4909C460-7EFC-47AB-92DE-E0886B508F35}.Debug|x86.ActiveCfg = Debug|iPhone
		{4909C460-7EFC-47AB-92DE-E0886B508F35}.Release|Any CPU.ActiveCfg = Release|iPhoneSimulator
		{4909C460-7EFC-47AB-92DE-E0886B508F35}.Release|Any CPU.Build.0 = Release|iPhoneSimulator
		{4909C460-7EFC-47AB-92DE-E0886B508F35}.Release|ARM.ActiveCfg = Release|iPhone
		{4909C460-7EFC-47AB-92DE-E0886B508F35}.Release|iPhone.ActiveCfg = Release|iPhone
		{4909C460-7EFC-47AB-92DE-E0886B508F35}.Release|iPhone.Build.0 = Release|iPhone
		{4909C460-7EFC-47AB-92DE-E0886B508F35}.Release|iPhoneSimulator.ActiveCfg = Release|iPhoneSimulator
		{4909C460-7EFC-47AB-92DE-E0886B508F35}.Release|iPhoneSimulator.Build.0 = Release|iPhoneSimulator
		{4909C460-7EFC-47AB-92DE-E0886B508F35}.Release|Mixed Platforms.ActiveCfg = Release|iPhone
		{4909C460-7EFC-47AB-92DE-E0886B508F35}.Release|Mixed Platforms.Build.0 = Release|iPhone
		{4909C460-7EFC-47AB-92DE-E0886B508F35}.Release|x86.ActiveCfg = Release|iPhone
		{5CA3D772-D8BB-47DB-9733-A352C731FBA0}.Ad-Hoc|Any CPU.ActiveCfg = Debug|Any CPU
		{5CA3D772-D8BB-47DB-9733-A352C731FBA0}.Ad-Hoc|Any CPU.Build.0 = Debug|Any CPU
		{5CA3D772-D8BB-47DB-9733-A352C731FBA0}.Ad-Hoc|ARM.ActiveCfg = Release|Any CPU
		{5CA3D772-D8BB-47DB-9733-A352C731FBA0}.Ad-Hoc|ARM.Build.0 = Release|Any CPU
		{5CA3D772-D8BB-47DB-9733-A352C731FBA0}.Ad-Hoc|iPhone.ActiveCfg = Release|Any CPU
		{5CA3D772-D8BB-47DB-9733-A352C731FBA0}.Ad-Hoc|iPhone.Build.0 = Release|Any CPU
		{5CA3D772-D8BB-47DB-9733-A352C731FBA0}.Ad-Hoc|iPhoneSimulator.ActiveCfg = Debug|Any CPU
		{5CA3D772-D8BB-47DB-9733-A352C731FBA0}.Ad-Hoc|iPhoneSimulator.Build.0 = Debug|Any CPU
		{5CA3D772-D8BB-47DB-9733-A352C731FBA0}.Ad-Hoc|Mixed Platforms.ActiveCfg = Release|Any CPU
		{5CA3D772-D8BB-47DB-9733-A352C731FBA0}.Ad-Hoc|Mixed Platforms.Build.0 = Release|Any CPU
		{5CA3D772-D8BB-47DB-9733-A352C731FBA0}.Ad-Hoc|x86.ActiveCfg = Release|Any CPU
		{5CA3D772-D8BB-47DB-9733-A352C731FBA0}.Ad-Hoc|x86.Build.0 = Release|Any CPU
		{5CA3D772-D8BB-47DB-9733-A352C731FBA0}.AppStore|Any CPU.ActiveCfg = Debug|Any CPU
		{5CA3D772-D8BB-47DB-9733-A352C731FBA0}.AppStore|Any CPU.Build.0 = Debug|Any CPU
		{5CA3D772-D8BB-47DB-9733-A352C731FBA0}.AppStore|ARM.ActiveCfg = Release|Any CPU
		{5CA3D772-D8BB-47DB-9733-A352C731FBA0}.AppStore|ARM.Build.0 = Release|Any CPU
		{5CA3D772-D8BB-47DB-9733-A352C731FBA0}.AppStore|iPhone.ActiveCfg = Release|Any CPU
		{5CA3D772-D8BB-47DB-9733-A352C731FBA0}.AppStore|iPhone.Build.0 = Release|Any CPU
		{5CA3D772-D8BB-47DB-9733-A352C731FBA0}.AppStore|iPhoneSimulator.ActiveCfg = Debug|Any CPU
		{5CA3D772-D8BB-47DB-9733-A352C731FBA0}.AppStore|iPhoneSimulator.Build.0 = Debug|Any CPU
		{5CA3D772-D8BB-47DB-9733-A352C731FBA0}.AppStore|Mixed Platforms.ActiveCfg = Release|Any CPU
		{5CA3D772-D8BB-47DB-9733-A352C731FBA0}.AppStore|Mixed Platforms.Build.0 = Release|Any CPU
		{5CA3D772-D8BB-47DB-9733-A352C731FBA0}.AppStore|x86.ActiveCfg = Release|Any CPU
		{5CA3D772-D8BB-47DB-9733-A352C731FBA0}.AppStore|x86.Build.0 = Release|Any CPU
		{5CA3D772-D8BB-47DB-9733-A352C731FBA0}.Debug|Any CPU.ActiveCfg = Debug|Any CPU
		{5CA3D772-D8BB-47DB-9733-A352C731FBA0}.Debug|Any CPU.Build.0 = Debug|Any CPU
		{5CA3D772-D8BB-47DB-9733-A352C731FBA0}.Debug|ARM.ActiveCfg = Debug|Any CPU
		{5CA3D772-D8BB-47DB-9733-A352C731FBA0}.Debug|ARM.Build.0 = Debug|Any CPU
		{5CA3D772-D8BB-47DB-9733-A352C731FBA0}.Debug|iPhone.ActiveCfg = Debug|Any CPU
		{5CA3D772-D8BB-47DB-9733-A352C731FBA0}.Debug|iPhone.Build.0 = Debug|Any CPU
		{5CA3D772-D8BB-47DB-9733-A352C731FBA0}.Debug|iPhoneSimulator.ActiveCfg = Debug|Any CPU
		{5CA3D772-D8BB-47DB-9733-A352C731FBA0}.Debug|iPhoneSimulator.Build.0 = Debug|Any CPU
		{5CA3D772-D8BB-47DB-9733-A352C731FBA0}.Debug|Mixed Platforms.ActiveCfg = Debug|Any CPU
		{5CA3D772-D8BB-47DB-9733-A352C731FBA0}.Debug|Mixed Platforms.Build.0 = Debug|Any CPU
		{5CA3D772-D8BB-47DB-9733-A352C731FBA0}.Debug|x86.ActiveCfg = Debug|Any CPU
		{5CA3D772-D8BB-47DB-9733-A352C731FBA0}.Debug|x86.Build.0 = Debug|Any CPU
		{5CA3D772-D8BB-47DB-9733-A352C731FBA0}.Release|Any CPU.ActiveCfg = Release|Any CPU
		{5CA3D772-D8BB-47DB-9733-A352C731FBA0}.Release|Any CPU.Build.0 = Release|Any CPU
		{5CA3D772-D8BB-47DB-9733-A352C731FBA0}.Release|ARM.ActiveCfg = Release|Any CPU
		{5CA3D772-D8BB-47DB-9733-A352C731FBA0}.Release|ARM.Build.0 = Release|Any CPU
		{5CA3D772-D8BB-47DB-9733-A352C731FBA0}.Release|iPhone.ActiveCfg = Release|Any CPU
		{5CA3D772-D8BB-47DB-9733-A352C731FBA0}.Release|iPhone.Build.0 = Release|Any CPU
		{5CA3D772-D8BB-47DB-9733-A352C731FBA0}.Release|iPhoneSimulator.ActiveCfg = Release|Any CPU
		{5CA3D772-D8BB-47DB-9733-A352C731FBA0}.Release|iPhoneSimulator.Build.0 = Release|Any CPU
		{5CA3D772-D8BB-47DB-9733-A352C731FBA0}.Release|Mixed Platforms.ActiveCfg = Release|Any CPU
		{5CA3D772-D8BB-47DB-9733-A352C731FBA0}.Release|Mixed Platforms.Build.0 = Release|Any CPU
		{5CA3D772-D8BB-47DB-9733-A352C731FBA0}.Release|x86.ActiveCfg = Release|Any CPU
		{5CA3D772-D8BB-47DB-9733-A352C731FBA0}.Release|x86.Build.0 = Release|Any CPU
		{642A9B8B-6DB7-41E9-A64F-27C72CE08911}.Ad-Hoc|Any CPU.ActiveCfg = Debug|iPhoneSimulator
		{642A9B8B-6DB7-41E9-A64F-27C72CE08911}.Ad-Hoc|Any CPU.Build.0 = Debug|iPhoneSimulator
		{642A9B8B-6DB7-41E9-A64F-27C72CE08911}.Ad-Hoc|ARM.ActiveCfg = Ad-Hoc|iPhone
		{642A9B8B-6DB7-41E9-A64F-27C72CE08911}.Ad-Hoc|ARM.Build.0 = Ad-Hoc|iPhone
		{642A9B8B-6DB7-41E9-A64F-27C72CE08911}.Ad-Hoc|iPhone.ActiveCfg = Ad-Hoc|iPhone
		{642A9B8B-6DB7-41E9-A64F-27C72CE08911}.Ad-Hoc|iPhone.Build.0 = Ad-Hoc|iPhone
		{642A9B8B-6DB7-41E9-A64F-27C72CE08911}.Ad-Hoc|iPhoneSimulator.ActiveCfg = Debug|iPhoneSimulator
		{642A9B8B-6DB7-41E9-A64F-27C72CE08911}.Ad-Hoc|iPhoneSimulator.Build.0 = Debug|iPhoneSimulator
		{642A9B8B-6DB7-41E9-A64F-27C72CE08911}.Ad-Hoc|Mixed Platforms.ActiveCfg = Ad-Hoc|iPhone
		{642A9B8B-6DB7-41E9-A64F-27C72CE08911}.Ad-Hoc|Mixed Platforms.Build.0 = Ad-Hoc|iPhone
		{642A9B8B-6DB7-41E9-A64F-27C72CE08911}.Ad-Hoc|x86.ActiveCfg = Ad-Hoc|iPhone
		{642A9B8B-6DB7-41E9-A64F-27C72CE08911}.Ad-Hoc|x86.Build.0 = Ad-Hoc|iPhone
		{642A9B8B-6DB7-41E9-A64F-27C72CE08911}.AppStore|Any CPU.ActiveCfg = Debug|iPhoneSimulator
		{642A9B8B-6DB7-41E9-A64F-27C72CE08911}.AppStore|Any CPU.Build.0 = Debug|iPhoneSimulator
		{642A9B8B-6DB7-41E9-A64F-27C72CE08911}.AppStore|ARM.ActiveCfg = AppStore|iPhone
		{642A9B8B-6DB7-41E9-A64F-27C72CE08911}.AppStore|ARM.Build.0 = AppStore|iPhone
		{642A9B8B-6DB7-41E9-A64F-27C72CE08911}.AppStore|iPhone.ActiveCfg = AppStore|iPhone
		{642A9B8B-6DB7-41E9-A64F-27C72CE08911}.AppStore|iPhone.Build.0 = AppStore|iPhone
		{642A9B8B-6DB7-41E9-A64F-27C72CE08911}.AppStore|iPhoneSimulator.ActiveCfg = Debug|iPhoneSimulator
		{642A9B8B-6DB7-41E9-A64F-27C72CE08911}.AppStore|iPhoneSimulator.Build.0 = Debug|iPhoneSimulator
		{642A9B8B-6DB7-41E9-A64F-27C72CE08911}.AppStore|Mixed Platforms.ActiveCfg = AppStore|iPhone
		{642A9B8B-6DB7-41E9-A64F-27C72CE08911}.AppStore|Mixed Platforms.Build.0 = AppStore|iPhone
		{642A9B8B-6DB7-41E9-A64F-27C72CE08911}.AppStore|x86.ActiveCfg = AppStore|iPhone
		{642A9B8B-6DB7-41E9-A64F-27C72CE08911}.AppStore|x86.Build.0 = AppStore|iPhone
		{642A9B8B-6DB7-41E9-A64F-27C72CE08911}.Debug|Any CPU.ActiveCfg = Debug|iPhoneSimulator
		{642A9B8B-6DB7-41E9-A64F-27C72CE08911}.Debug|Any CPU.Build.0 = Debug|iPhoneSimulator
		{642A9B8B-6DB7-41E9-A64F-27C72CE08911}.Debug|ARM.ActiveCfg = Debug|iPhone
		{642A9B8B-6DB7-41E9-A64F-27C72CE08911}.Debug|ARM.Build.0 = Debug|iPhone
		{642A9B8B-6DB7-41E9-A64F-27C72CE08911}.Debug|iPhone.ActiveCfg = Debug|iPhone
		{642A9B8B-6DB7-41E9-A64F-27C72CE08911}.Debug|iPhone.Build.0 = Debug|iPhone
		{642A9B8B-6DB7-41E9-A64F-27C72CE08911}.Debug|iPhoneSimulator.ActiveCfg = Debug|iPhoneSimulator
		{642A9B8B-6DB7-41E9-A64F-27C72CE08911}.Debug|iPhoneSimulator.Build.0 = Debug|iPhoneSimulator
		{642A9B8B-6DB7-41E9-A64F-27C72CE08911}.Debug|Mixed Platforms.ActiveCfg = Debug|iPhone
		{642A9B8B-6DB7-41E9-A64F-27C72CE08911}.Debug|Mixed Platforms.Build.0 = Debug|iPhone
		{642A9B8B-6DB7-41E9-A64F-27C72CE08911}.Debug|x86.ActiveCfg = Debug|iPhone
		{642A9B8B-6DB7-41E9-A64F-27C72CE08911}.Debug|x86.Build.0 = Debug|iPhone
		{642A9B8B-6DB7-41E9-A64F-27C72CE08911}.Release|Any CPU.ActiveCfg = Release|iPhoneSimulator
		{642A9B8B-6DB7-41E9-A64F-27C72CE08911}.Release|Any CPU.Build.0 = Release|iPhoneSimulator
		{642A9B8B-6DB7-41E9-A64F-27C72CE08911}.Release|ARM.ActiveCfg = Release|iPhone
		{642A9B8B-6DB7-41E9-A64F-27C72CE08911}.Release|ARM.Build.0 = Release|iPhone
		{642A9B8B-6DB7-41E9-A64F-27C72CE08911}.Release|iPhone.ActiveCfg = Release|iPhone
		{642A9B8B-6DB7-41E9-A64F-27C72CE08911}.Release|iPhone.Build.0 = Release|iPhone
		{642A9B8B-6DB7-41E9-A64F-27C72CE08911}.Release|iPhoneSimulator.ActiveCfg = Release|iPhoneSimulator
		{642A9B8B-6DB7-41E9-A64F-27C72CE08911}.Release|iPhoneSimulator.Build.0 = Release|iPhoneSimulator
		{642A9B8B-6DB7-41E9-A64F-27C72CE08911}.Release|Mixed Platforms.ActiveCfg = Release|iPhone
		{642A9B8B-6DB7-41E9-A64F-27C72CE08911}.Release|Mixed Platforms.Build.0 = Release|iPhone
		{642A9B8B-6DB7-41E9-A64F-27C72CE08911}.Release|x86.ActiveCfg = Release|iPhone
		{642A9B8B-6DB7-41E9-A64F-27C72CE08911}.Release|x86.Build.0 = Release|iPhone
		{67F9D3A8-F71E-4428-913F-C37AE82CDB24}.Ad-Hoc|Any CPU.ActiveCfg = Release|Any CPU
		{67F9D3A8-F71E-4428-913F-C37AE82CDB24}.Ad-Hoc|Any CPU.Build.0 = Release|Any CPU
		{67F9D3A8-F71E-4428-913F-C37AE82CDB24}.Ad-Hoc|ARM.ActiveCfg = Release|Any CPU
		{67F9D3A8-F71E-4428-913F-C37AE82CDB24}.Ad-Hoc|iPhone.ActiveCfg = Release|Any CPU
		{67F9D3A8-F71E-4428-913F-C37AE82CDB24}.Ad-Hoc|iPhoneSimulator.ActiveCfg = Release|Any CPU
		{67F9D3A8-F71E-4428-913F-C37AE82CDB24}.Ad-Hoc|Mixed Platforms.ActiveCfg = Release|Any CPU
		{67F9D3A8-F71E-4428-913F-C37AE82CDB24}.Ad-Hoc|Mixed Platforms.Build.0 = Release|Any CPU
		{67F9D3A8-F71E-4428-913F-C37AE82CDB24}.Ad-Hoc|x86.ActiveCfg = Release|Any CPU
		{67F9D3A8-F71E-4428-913F-C37AE82CDB24}.AppStore|Any CPU.ActiveCfg = Release|Any CPU
		{67F9D3A8-F71E-4428-913F-C37AE82CDB24}.AppStore|Any CPU.Build.0 = Release|Any CPU
		{67F9D3A8-F71E-4428-913F-C37AE82CDB24}.AppStore|ARM.ActiveCfg = Release|Any CPU
		{67F9D3A8-F71E-4428-913F-C37AE82CDB24}.AppStore|iPhone.ActiveCfg = Release|Any CPU
		{67F9D3A8-F71E-4428-913F-C37AE82CDB24}.AppStore|iPhoneSimulator.ActiveCfg = Release|Any CPU
		{67F9D3A8-F71E-4428-913F-C37AE82CDB24}.AppStore|Mixed Platforms.ActiveCfg = Release|Any CPU
		{67F9D3A8-F71E-4428-913F-C37AE82CDB24}.AppStore|Mixed Platforms.Build.0 = Release|Any CPU
		{67F9D3A8-F71E-4428-913F-C37AE82CDB24}.AppStore|x86.ActiveCfg = Release|Any CPU
		{67F9D3A8-F71E-4428-913F-C37AE82CDB24}.Debug|Any CPU.ActiveCfg = Debug|Any CPU
		{67F9D3A8-F71E-4428-913F-C37AE82CDB24}.Debug|Any CPU.Build.0 = Debug|Any CPU
		{67F9D3A8-F71E-4428-913F-C37AE82CDB24}.Debug|ARM.ActiveCfg = Debug|Any CPU
		{67F9D3A8-F71E-4428-913F-C37AE82CDB24}.Debug|iPhone.ActiveCfg = Debug|Any CPU
		{67F9D3A8-F71E-4428-913F-C37AE82CDB24}.Debug|iPhoneSimulator.ActiveCfg = Debug|Any CPU
		{67F9D3A8-F71E-4428-913F-C37AE82CDB24}.Debug|Mixed Platforms.ActiveCfg = Debug|Any CPU
		{67F9D3A8-F71E-4428-913F-C37AE82CDB24}.Debug|Mixed Platforms.Build.0 = Debug|Any CPU
		{67F9D3A8-F71E-4428-913F-C37AE82CDB24}.Debug|x86.ActiveCfg = Debug|Any CPU
		{67F9D3A8-F71E-4428-913F-C37AE82CDB24}.Release|Any CPU.ActiveCfg = Release|Any CPU
		{67F9D3A8-F71E-4428-913F-C37AE82CDB24}.Release|Any CPU.Build.0 = Release|Any CPU
		{67F9D3A8-F71E-4428-913F-C37AE82CDB24}.Release|ARM.ActiveCfg = Release|Any CPU
		{67F9D3A8-F71E-4428-913F-C37AE82CDB24}.Release|iPhone.ActiveCfg = Release|Any CPU
		{67F9D3A8-F71E-4428-913F-C37AE82CDB24}.Release|iPhoneSimulator.ActiveCfg = Release|Any CPU
		{67F9D3A8-F71E-4428-913F-C37AE82CDB24}.Release|Mixed Platforms.ActiveCfg = Release|Any CPU
		{67F9D3A8-F71E-4428-913F-C37AE82CDB24}.Release|Mixed Platforms.Build.0 = Release|Any CPU
		{67F9D3A8-F71E-4428-913F-C37AE82CDB24}.Release|x86.ActiveCfg = Release|Any CPU
	EndGlobalSection
	GlobalSection(NestedProjects) = preSolution
		{642A9B8B-6DB7-41E9-A64F-27C72CE08911} = {A236D268-5A2E-495B-B6D4-7BBE459B208F}
		{108EB80C-0214-457D-9EE2-F768F3E855E4} = {A236D268-5A2E-495B-B6D4-7BBE459B208F}
	EndGlobalSection
	GlobalSection(SolutionProperties) = preSolution
		HideSolutionNode = FALSE
	EndGlobalSection
EndGlobal
